
Microsoft Visual Studio Solution File, Format Version 12.00
# Visual Studio Version 17
VisualStudioVersion = 17.4.33110.190
MinimumVisualStudioVersion = 10.0.40219.1
Project("{FAE04EC0-301F-11D3-BF4B-00C04F79EFBC}") = "MyWindowsFormsApp", "MyWindowsFormsApp\MyWindowsFormsApp.csproj", "{584B940B-2C59-4ABC-96B5-079C0AD233BF}"
EndProject
Global
	GlobalSection(SolutionConfigurationPlatforms) = preSolution
		Debug|Any CPU = Debug|Any CPU
		Release|Any CPU = Release|Any CPU
	EndGlobalSection
	GlobalSection(ProjectConfigurationPlatforms) = postSolution
		{584B940B-2C59-4ABC-96B5-079C0AD233BF}.Debug|Any CPU.ActiveCfg = Debug|Any CPU
		{584B940B-2C59-4ABC-96B5-079C0AD233BF}.Debug|Any CPU.Build.0 = Debug|Any CPU
		{584B940B-2C59-4ABC-96B5-079C0AD233BF}.Release|Any CPU.ActiveCfg = Release|Any CPU
		{584B940B-2C59-4ABC-96B5-079C0AD233BF}.Release|Any CPU.Build.0 = Release|Any CPU
	EndGlobalSection
	GlobalSection(SolutionProperties) = preSolution
		HideSolutionNode = FALSE
	EndGlobalSection
	GlobalSection(ExtensibilityGlobals) = postSolution
		SolutionGuid = {D273C418-91A4-4D04-91DD-166F931CC388}
	EndGlobalSection
EndGlobal
